
Microsoft Visual Studio Solution File, Format Version 11.00
# Visual Studio 2010
Project("{FAE04EC0-301F-11D3-BF4B-00C04F79EFBC}") = "StackExchange.AssetPackager", "StackExchange.AssetPackager\StackExchange.AssetPackager.csproj", "{60B61A1F-BA31-4B1F-AC32-598929A235BA}"
EndProject
Project("{FAE04EC0-301F-11D3-BF4B-00C04F79EFBC}") = "StackExchange.DataExplorer", "StackExchange.DataExplorer\StackExchange.DataExplorer.csproj", "{E3A21146-D76B-487D-96A8-9D15222662FE}"
EndProject
Global
	GlobalSection(SolutionConfigurationPlatforms) = preSolution
		Debug|Any CPU = Debug|Any CPU
		Debug|Mixed Platforms = Debug|Mixed Platforms
		Debug|x86 = Debug|x86
		Release|Any CPU = Release|Any CPU
		Release|Mixed Platforms = Release|Mixed Platforms
		Release|x86 = Release|x86
	EndGlobalSection
	GlobalSection(ProjectConfigurationPlatforms) = postSolution
		{60B61A1F-BA31-4B1F-AC32-598929A235BA}.Debug|Any CPU.ActiveCfg = Debug|x86
		{60B61A1F-BA31-4B1F-AC32-598929A235BA}.Debug|Mixed Platforms.ActiveCfg = Debug|x86
		{60B61A1F-BA31-4B1F-AC32-598929A235BA}.Debug|Mixed Platforms.Build.0 = Debug|x86
		{60B61A1F-BA31-4B1F-AC32-598929A235BA}.Debug|x86.ActiveCfg = Debug|x86
		{60B61A1F-BA31-4B1F-AC32-598929A235BA}.Debug|x86.Build.0 = Debug|x86
		{60B61A1F-BA31-4B1F-AC32-598929A235BA}.Release|Any CPU.ActiveCfg = Release|x86
		{60B61A1F-BA31-4B1F-AC32-598929A235BA}.Release|Mixed Platforms.ActiveCfg = Release|x86
		{60B61A1F-BA31-4B1F-AC32-598929A235BA}.Release|Mixed Platforms.Build.0 = Release|x86
		{60B61A1F-BA31-4B1F-AC32-598929A235BA}.Release|x86.ActiveCfg = Release|x86
		{60B61A1F-BA31-4B1F-AC32-598929A235BA}.Release|x86.Build.0 = Release|x86
		{E3A21146-D76B-487D-96A8-9D15222662FE}.Debug|Any CPU.ActiveCfg = Debug|Any CPU
		{E3A21146-D76B-487D-96A8-9D15222662FE}.Debug|Any CPU.Build.0 = Debug|Any CPU
		{E3A21146-D76B-487D-96A8-9D15222662FE}.Debug|Mixed Platforms.ActiveCfg = Debug|Any CPU
		{E3A21146-D76B-487D-96A8-9D15222662FE}.Debug|Mixed Platforms.Build.0 = Debug|Any CPU
		{E3A21146-D76B-487D-96A8-9D15222662FE}.Debug|x86.ActiveCfg = Debug|Any CPU
		{E3A21146-D76B-487D-96A8-9D15222662FE}.Release|Any CPU.ActiveCfg = Release|Any CPU
		{E3A21146-D76B-487D-96A8-9D15222662FE}.Release|Any CPU.Build.0 = Release|Any CPU
		{E3A21146-D76B-487D-96A8-9D15222662FE}.Release|Mixed Platforms.ActiveCfg = Release|Any CPU
		{E3A21146-D76B-487D-96A8-9D15222662FE}.Release|Mixed Platforms.Build.0 = Release|Any CPU
		{E3A21146-D76B-487D-96A8-9D15222662FE}.Release|x86.ActiveCfg = Release|Any CPU
	EndGlobalSection
	GlobalSection(SolutionProperties) = preSolution
		HideSolutionNode = FALSE
	EndGlobalSection
EndGlobal
