
Microsoft Visual Studio Solution File, Format Version 12.00
# Visual Studio 2013
VisualStudioVersion = 12.0.31101.0
MinimumVisualStudioVersion = 10.0.40219.1
Project("{FAE04EC0-301F-11D3-BF4B-00C04F79EFBC}") = "StackExchange.DataExplorer", "StackExchange.DataExplorer\StackExchange.DataExplorer.csproj", "{E3A21146-D76B-487D-96A8-9D15222662FE}"
EndProject
Project("{FAE04EC0-301F-11D3-BF4B-00C04F79EFBC}") = "StackExchange.DataExplorer.Tests", "StackExchange.DataExplorer.Tests\StackExchange.DataExplorer.Tests.csproj", "{792E4739-E617-4DAD-8F36-A86CB17F22E8}"
EndProject
Global
	GlobalSection(SolutionConfigurationPlatforms) = preSolution
		Debug|Any CPU = Debug|Any CPU
		Debug|Mixed Platforms = Debug|Mixed Platforms
		Debug|x86 = Debug|x86
		Release|Any CPU = Release|Any CPU
		Release|Mixed Platforms = Release|Mixed Platforms
		Release|x86 = Release|x86
	EndGlobalSection
	GlobalSection(ProjectConfigurationPlatforms) = postSolution
		{E3A21146-D76B-487D-96A8-9D15222662FE}.Debug|Any CPU.ActiveCfg = Debug|Any CPU
		{E3A21146-D76B-487D-96A8-9D15222662FE}.Debug|Any CPU.Build.0 = Debug|Any CPU
		{E3A21146-D76B-487D-96A8-9D15222662FE}.Debug|Mixed Platforms.ActiveCfg = Debug|Any CPU
		{E3A21146-D76B-487D-96A8-9D15222662FE}.Debug|Mixed Platforms.Build.0 = Debug|Any CPU
		{E3A21146-D76B-487D-96A8-9D15222662FE}.Debug|x86.ActiveCfg = Debug|Any CPU
		{E3A21146-D76B-487D-96A8-9D15222662FE}.Release|Any CPU.ActiveCfg = Release|Any CPU
		{E3A21146-D76B-487D-96A8-9D15222662FE}.Release|Any CPU.Build.0 = Release|Any CPU
		{E3A21146-D76B-487D-96A8-9D15222662FE}.Release|Mixed Platforms.ActiveCfg = Release|Any CPU
		{E3A21146-D76B-487D-96A8-9D15222662FE}.Release|Mixed Platforms.Build.0 = Release|Any CPU
		{E3A21146-D76B-487D-96A8-9D15222662FE}.Release|x86.ActiveCfg = Release|Any CPU
		{792E4739-E617-4DAD-8F36-A86CB17F22E8}.Debug|Any CPU.ActiveCfg = Debug|Any CPU
		{792E4739-E617-4DAD-8F36-A86CB17F22E8}.Debug|Any CPU.Build.0 = Debug|Any CPU
		{792E4739-E617-4DAD-8F36-A86CB17F22E8}.Debug|Mixed Platforms.ActiveCfg = Debug|Any CPU
		{792E4739-E617-4DAD-8F36-A86CB17F22E8}.Debug|Mixed Platforms.Build.0 = Debug|Any CPU
		{792E4739-E617-4DAD-8F36-A86CB17F22E8}.Debug|x86.ActiveCfg = Debug|Any CPU
		{792E4739-E617-4DAD-8F36-A86CB17F22E8}.Release|Any CPU.ActiveCfg = Release|Any CPU
		{792E4739-E617-4DAD-8F36-A86CB17F22E8}.Release|Any CPU.Build.0 = Release|Any CPU
		{792E4739-E617-4DAD-8F36-A86CB17F22E8}.Release|Mixed Platforms.ActiveCfg = Release|Any CPU
		{792E4739-E617-4DAD-8F36-A86CB17F22E8}.Release|Mixed Platforms.Build.0 = Release|Any CPU
		{792E4739-E617-4DAD-8F36-A86CB17F22E8}.Release|x86.ActiveCfg = Release|Any CPU
	EndGlobalSection
	GlobalSection(SolutionProperties) = preSolution
		HideSolutionNode = FALSE
	EndGlobalSection
EndGlobal
