
Microsoft Visual Studio Solution File, Format Version 11.00
# Visual Studio 2010
Project("{FAE04EC0-301F-11D3-BF4B-00C04F79EFBC}") = "SimpleErrorHandler", "SimpleErrorHandler\SimpleErrorHandler.csproj", "{C92DC151-A0BA-4A5E-A20E-620EC9C06AFF}"
EndProject
Project("{FAE04EC0-301F-11D3-BF4B-00C04F79EFBC}") = "SimpleErrorHandler.Test", "SimpleErrorHandler.Test\SimpleErrorHandler.Test.csproj", "{47CFAF42-0176-4003-AC91-3F27CCE05222}"
EndProject
Global
	GlobalSection(SolutionConfigurationPlatforms) = preSolution
		Debug|.NET = Debug|.NET
		Debug|Any CPU = Debug|Any CPU
		Debug|Mixed Platforms = Debug|Mixed Platforms
		Release|.NET = Release|.NET
		Release|Any CPU = Release|Any CPU
		Release|Mixed Platforms = Release|Mixed Platforms
	EndGlobalSection
	GlobalSection(ProjectConfigurationPlatforms) = postSolution
		{C92DC151-A0BA-4A5E-A20E-620EC9C06AFF}.Debug|.NET.ActiveCfg = Debug|Any CPU
		{C92DC151-A0BA-4A5E-A20E-620EC9C06AFF}.Debug|Any CPU.ActiveCfg = Debug|Any CPU
		{C92DC151-A0BA-4A5E-A20E-620EC9C06AFF}.Debug|Any CPU.Build.0 = Debug|Any CPU
		{C92DC151-A0BA-4A5E-A20E-620EC9C06AFF}.Debug|Mixed Platforms.ActiveCfg = Debug|Any CPU
		{C92DC151-A0BA-4A5E-A20E-620EC9C06AFF}.Debug|Mixed Platforms.Build.0 = Debug|Any CPU
		{C92DC151-A0BA-4A5E-A20E-620EC9C06AFF}.Release|.NET.ActiveCfg = Release|Any CPU
		{C92DC151-A0BA-4A5E-A20E-620EC9C06AFF}.Release|Any CPU.ActiveCfg = Release|Any CPU
		{C92DC151-A0BA-4A5E-A20E-620EC9C06AFF}.Release|Any CPU.Build.0 = Release|Any CPU
		{C92DC151-A0BA-4A5E-A20E-620EC9C06AFF}.Release|Mixed Platforms.ActiveCfg = Release|Any CPU
		{C92DC151-A0BA-4A5E-A20E-620EC9C06AFF}.Release|Mixed Platforms.Build.0 = Release|Any CPU
		{47CFAF42-0176-4003-AC91-3F27CCE05222}.Debug|.NET.ActiveCfg = Debug|Any CPU
		{47CFAF42-0176-4003-AC91-3F27CCE05222}.Debug|Any CPU.ActiveCfg = Debug|Any CPU
		{47CFAF42-0176-4003-AC91-3F27CCE05222}.Debug|Any CPU.Build.0 = Debug|Any CPU
		{47CFAF42-0176-4003-AC91-3F27CCE05222}.Debug|Mixed Platforms.ActiveCfg = Debug|Any CPU
		{47CFAF42-0176-4003-AC91-3F27CCE05222}.Debug|Mixed Platforms.Build.0 = Debug|Any CPU
		{47CFAF42-0176-4003-AC91-3F27CCE05222}.Release|.NET.ActiveCfg = Release|Any CPU
		{47CFAF42-0176-4003-AC91-3F27CCE05222}.Release|Any CPU.ActiveCfg = Release|Any CPU
		{47CFAF42-0176-4003-AC91-3F27CCE05222}.Release|Any CPU.Build.0 = Release|Any CPU
		{47CFAF42-0176-4003-AC91-3F27CCE05222}.Release|Mixed Platforms.ActiveCfg = Release|Any CPU
		{47CFAF42-0176-4003-AC91-3F27CCE05222}.Release|Mixed Platforms.Build.0 = Release|Any CPU
	EndGlobalSection
	GlobalSection(SolutionProperties) = preSolution
		HideSolutionNode = FALSE
	EndGlobalSection
EndGlobal
